// !$*UTF8*$!
{
	archiveVersion = 1;
	classes = {
	};
	objectVersion = 55;
	objects = {

/* Begin PBXBuildFile section */
		953618412716CDCC005144C2 /* AppDelegate.swift in Sources */ = {isa = PBXBuildFile; fileRef = 953618402716CDCC005144C2 /* AppDelegate.swift */; };
		953618432716CDCC005144C2 /* SceneDelegate.swift in Sources */ = {isa = PBXBuildFile; fileRef = 953618422716CDCC005144C2 /* SceneDelegate.swift */; };
		953618452716CDCC005144C2 /* UsersViewController.swift in Sources */ = {isa = PBXBuildFile; fileRef = 953618442716CDCC005144C2 /* UsersViewController.swift */; };
		953618482716CDCC005144C2 /* Main.storyboard in Resources */ = {isa = PBXBuildFile; fileRef = 953618462716CDCC005144C2 /* Main.storyboard */; };
		9536184A2716CDCF005144C2 /* Assets.xcassets in Resources */ = {isa = PBXBuildFile; fileRef = 953618492716CDCF005144C2 /* Assets.xcassets */; };
		9536184D2716CDCF005144C2 /* LaunchScreen.storyboard in Resources */ = {isa = PBXBuildFile; fileRef = 9536184B2716CDCF005144C2 /* LaunchScreen.storyboard */; };
		953618552716CF42005144C2 /* NetworkManager.swift in Sources */ = {isa = PBXBuildFile; fileRef = 953618542716CF42005144C2 /* NetworkManager.swift */; };
		953618572716CFA8005144C2 /* User.swift in Sources */ = {isa = PBXBuildFile; fileRef = 953618562716CFA8005144C2 /* User.swift */; };
		953618592716D101005144C2 /* Repos.swift in Sources */ = {isa = PBXBuildFile; fileRef = 953618582716D101005144C2 /* Repos.swift */; };
		9536185B2716DF92005144C2 /* DetailRepoViewController.swift in Sources */ = {isa = PBXBuildFile; fileRef = 9536185A2716DF92005144C2 /* DetailRepoViewController.swift */; };
		95CD98E82718EB970073F18D /* Extension + UIImageView.swift in Sources */ = {isa = PBXBuildFile; fileRef = 95CD98E72718EB970073F18D /* Extension + UIImageView.swift */; };
		95D749DF271713B9006252E9 /* UserViewCell.swift in Sources */ = {isa = PBXBuildFile; fileRef = 95D749DE271713B9006252E9 /* UserViewCell.swift */; };
		95D749E1271713C7006252E9 /* RepoViewCell.swift in Sources */ = {isa = PBXBuildFile; fileRef = 95D749E0271713C7006252E9 /* RepoViewCell.swift */; };
/* End PBXBuildFile section */

/* Begin PBXFileReference section */
		9536183D2716CDCC005144C2 /* GithubApi.app */ = {isa = PBXFileReference; explicitFileType = wrapper.application; includeInIndex = 0; path = GithubApi.app; sourceTree = BUILT_PRODUCTS_DIR; };
		953618402716CDCC005144C2 /* AppDelegate.swift */ = {isa = PBXFileReference; lastKnownFileType = sourcecode.swift; path = AppDelegate.swift; sourceTree = "<group>"; };
		953618422716CDCC005144C2 /* SceneDelegate.swift */ = {isa = PBXFileReference; lastKnownFileType = sourcecode.swift; path = SceneDelegate.swift; sourceTree = "<group>"; };
		953618442716CDCC005144C2 /* UsersViewController.swift */ = {isa = PBXFileReference; lastKnownFileType = sourcecode.swift; path = UsersViewController.swift; sourceTree = "<group>"; };
		953618472716CDCC005144C2 /* Base */ = {isa = PBXFileReference; lastKnownFileType = file.storyboard; name = Base; path = Base.lproj/Main.storyboard; sourceTree = "<group>"; };
		953618492716CDCF005144C2 /* Assets.xcassets */ = {isa = PBXFileReference; lastKnownFileType = folder.assetcatalog; path = Assets.xcassets; sourceTree = "<group>"; };
		9536184C2716CDCF005144C2 /* Base */ = {isa = PBXFileReference; lastKnownFileType = file.storyboard; name = Base; path = Base.lproj/LaunchScreen.storyboard; sourceTree = "<group>"; };
		9536184E2716CDCF005144C2 /* Info.plist */ = {isa = PBXFileReference; lastKnownFileType = text.plist.xml; path = Info.plist; sourceTree = "<group>"; };
		953618542716CF42005144C2 /* NetworkManager.swift */ = {isa = PBXFileReference; lastKnownFileType = sourcecode.swift; path = NetworkManager.swift; sourceTree = "<group>"; };
		953618562716CFA8005144C2 /* User.swift */ = {isa = PBXFileReference; lastKnownFileType = sourcecode.swift; path = User.swift; sourceTree = "<group>"; };
		953618582716D101005144C2 /* Repos.swift */ = {isa = PBXFileReference; lastKnownFileType = sourcecode.swift; path = Repos.swift; sourceTree = "<group>"; };
		9536185A2716DF92005144C2 /* DetailRepoViewController.swift */ = {isa = PBXFileReference; lastKnownFileType = sourcecode.swift; path = DetailRepoViewController.swift; sourceTree = "<group>"; };
		95CD98E72718EB970073F18D /* Extension + UIImageView.swift */ = {isa = PBXFileReference; lastKnownFileType = sourcecode.swift; path = "Extension + UIImageView.swift"; sourceTree = "<group>"; };
		95D749DE271713B9006252E9 /* UserViewCell.swift */ = {isa = PBXFileReference; lastKnownFileType = sourcecode.swift; path = UserViewCell.swift; sourceTree = "<group>"; };
		95D749E0271713C7006252E9 /* RepoViewCell.swift */ = {isa = PBXFileReference; lastKnownFileType = sourcecode.swift; path = RepoViewCell.swift; sourceTree = "<group>"; };
/* End PBXFileReference section */

/* Begin PBXFrameworksBuildPhase section */
		9536183A2716CDCC005144C2 /* Frameworks */ = {
			isa = PBXFrameworksBuildPhase;
			buildActionMask = 2147483647;
			files = (
			);
			runOnlyForDeploymentPostprocessing = 0;
		};
/* End PBXFrameworksBuildPhase section */

/* Begin PBXGroup section */
		953618342716CDCC005144C2 = {
			isa = PBXGroup;
			children = (
				9536183F2716CDCC005144C2 /* GithubApi */,
				9536183E2716CDCC005144C2 /* Products */,
			);
			sourceTree = "<group>";
		};
		9536183E2716CDCC005144C2 /* Products */ = {
			isa = PBXGroup;
			children = (
				9536183D2716CDCC005144C2 /* GithubApi.app */,
			);
			name = Products;
			sourceTree = "<group>";
		};
		9536183F2716CDCC005144C2 /* GithubApi */ = {
			isa = PBXGroup;
			children = (
				953618402716CDCC005144C2 /* AppDelegate.swift */,
				953618422716CDCC005144C2 /* SceneDelegate.swift */,
				95D749E2271713CF006252E9 /* Views */,
				95D749DB27171386006252E9 /* ViewControllers */,
				95D749DC27171391006252E9 /* Services */,
				95CD98E92718EBA00073F18D /* Extension */,
				95D749DD27171399006252E9 /* Model */,
				953618462716CDCC005144C2 /* Main.storyboard */,
				953618492716CDCF005144C2 /* Assets.xcassets */,
				9536184B2716CDCF005144C2 /* LaunchScreen.storyboard */,
				9536184E2716CDCF005144C2 /* Info.plist */,
			);
			path = GithubApi;
			sourceTree = "<group>";
		};
		95CD98E92718EBA00073F18D /* Extension */ = {
			isa = PBXGroup;
			children = (
				95CD98E72718EB970073F18D /* Extension + UIImageView.swift */,
			);
			path = Extension;
			sourceTree = "<group>";
		};
		95D749DB27171386006252E9 /* ViewControllers */ = {
			isa = PBXGroup;
			children = (
				953618442716CDCC005144C2 /* UsersViewController.swift */,
				9536185A2716DF92005144C2 /* DetailRepoViewController.swift */,
			);
			path = ViewControllers;
			sourceTree = "<group>";
		};
		95D749DC27171391006252E9 /* Services */ = {
			isa = PBXGroup;
			children = (
				953618542716CF42005144C2 /* NetworkManager.swift */,
			);
			path = Services;
			sourceTree = "<group>";
		};
		95D749DD27171399006252E9 /* Model */ = {
			isa = PBXGroup;
			children = (
				953618562716CFA8005144C2 /* User.swift */,
				953618582716D101005144C2 /* Repos.swift */,
			);
			path = Model;
			sourceTree = "<group>";
		};
		95D749E2271713CF006252E9 /* Views */ = {
			isa = PBXGroup;
			children = (
				95D749DE271713B9006252E9 /* UserViewCell.swift */,
				95D749E0271713C7006252E9 /* RepoViewCell.swift */,
			);
			path = Views;
			sourceTree = "<group>";
		};
/* End PBXGroup section */

/* Begin PBXNativeTarget section */
		9536183C2716CDCC005144C2 /* GithubApi */ = {
			isa = PBXNativeTarget;
			buildConfigurationList = 953618512716CDCF005144C2 /* Build configuration list for PBXNativeTarget "GithubApi" */;
			buildPhases = (
				953618392716CDCC005144C2 /* Sources */,
				9536183A2716CDCC005144C2 /* Frameworks */,
				9536183B2716CDCC005144C2 /* Resources */,
			);
			buildRules = (
			);
			dependencies = (
			);
			name = GithubApi;
			productName = GithubApi;
			productReference = 9536183D2716CDCC005144C2 /* GithubApi.app */;
			productType = "com.apple.product-type.application";
		};
/* End PBXNativeTarget section */

/* Begin PBXProject section */
		953618352716CDCC005144C2 /* Project object */ = {
			isa = PBXProject;
			attributes = {
				BuildIndependentTargetsInParallel = 1;
				LastSwiftUpdateCheck = 1300;
				LastUpgradeCheck = 1300;
				TargetAttributes = {
					9536183C2716CDCC005144C2 = {
						CreatedOnToolsVersion = 13.0;
					};
				};
			};
			buildConfigurationList = 953618382716CDCC005144C2 /* Build configuration list for PBXProject "GithubApi" */;
			compatibilityVersion = "Xcode 13.0";
			developmentRegion = en;
			hasScannedForEncodings = 0;
			knownRegions = (
				en,
				Base,
			);
			mainGroup = 953618342716CDCC005144C2;
			productRefGroup = 9536183E2716CDCC005144C2 /* Products */;
			projectDirPath = "";
			projectRoot = "";
			targets = (
				9536183C2716CDCC005144C2 /* GithubApi */,
			);
		};
/* End PBXProject section */

/* Begin PBXResourcesBuildPhase section */
		9536183B2716CDCC005144C2 /* Resources */ = {
			isa = PBXResourcesBuildPhase;
			buildActionMask = 2147483647;
			files = (
				9536184D2716CDCF005144C2 /* LaunchScreen.storyboard in Resources */,
				9536184A2716CDCF005144C2 /* Assets.xcassets in Resources */,
				953618482716CDCC005144C2 /* Main.storyboard in Resources */,
			);
			runOnlyForDeploymentPostprocessing = 0;
		};
/* End PBXResourcesBuildPhase section */

/* Begin PBXSourcesBuildPhase section */
		953618392716CDCC005144C2 /* Sources */ = {
			isa = PBXSourcesBuildPhase;
			buildActionMask = 2147483647;
			files = (
				95D749E1271713C7006252E9 /* RepoViewCell.swift in Sources */,
				953618552716CF42005144C2 /* NetworkManager.swift in Sources */,
				953618452716CDCC005144C2 /* UsersViewController.swift in Sources */,
				953618412716CDCC005144C2 /* AppDelegate.swift in Sources */,
				95CD98E82718EB970073F18D /* Extension + UIImageView.swift in Sources */,
				9536185B2716DF92005144C2 /* DetailRepoViewController.swift in Sources */,
				953618592716D101005144C2 /* Repos.swift in Sources */,
				953618572716CFA8005144C2 /* User.swift in Sources */,
				953618432716CDCC005144C2 /* SceneDelegate.swift in Sources */,
				95D749DF271713B9006252E9 /* UserViewCell.swift in Sources */,
			);
			runOnlyForDeploymentPostprocessing = 0;
		};
/* End PBXSourcesBuildPhase section */

/* Begin PBXVariantGroup section */
		953618462716CDCC005144C2 /* Main.storyboard */ = {
			isa = PBXVariantGroup;
			children = (
				953618472716CDCC005144C2 /* Base */,
			);
			name = Main.storyboard;
			sourceTree = "<group>";
		};
		9536184B2716CDCF005144C2 /* LaunchScreen.storyboard */ = {
			isa = PBXVariantGroup;
			children = (
				9536184C2716CDCF005144C2 /* Base */,
			);
			name = LaunchScreen.storyboard;
			sourceTree = "<group>";
		};
/* End PBXVariantGroup section */

/* Begin XCBuildConfiguration section */
		9536184F2716CDCF005144C2 /* Debug */ = {
			isa = XCBuildConfiguration;
			buildSettings = {
				ALWAYS_SEARCH_USER_PATHS = NO;
				CLANG_ANALYZER_NONNULL = YES;
				CLANG_ANALYZER_NUMBER_OBJECT_CONVERSION = YES_AGGRESSIVE;
				CLANG_CXX_LANGUAGE_STANDARD = "gnu++17";
				CLANG_CXX_LIBRARY = "libc++";
				CLANG_ENABLE_MODULES = YES;
				CLANG_ENABLE_OBJC_ARC = YES;
				CLANG_ENABLE_OBJC_WEAK = YES;
				CLANG_WARN_BLOCK_CAPTURE_AUTORELEASING = YES;
				CLANG_WARN_BOOL_CONVERSION = YES;
				CLANG_WARN_COMMA = YES;
				CLANG_WARN_CONSTANT_CONVERSION = YES;
				CLANG_WARN_DEPRECATED_OBJC_IMPLEMENTATIONS = YES;
				CLANG_WARN_DIRECT_OBJC_ISA_USAGE = YES_ERROR;
				CLANG_WARN_DOCUMENTATION_COMMENTS = YES;
				CLANG_WARN_EMPTY_BODY = YES;
				CLANG_WARN_ENUM_CONVERSION = YES;
				CLANG_WARN_INFINITE_RECURSION = YES;
				CLANG_WARN_INT_CONVERSION = YES;
				CLANG_WARN_NON_LITERAL_NULL_CONVERSION = YES;
				CLANG_WARN_OBJC_IMPLICIT_RETAIN_SELF = YES;
				CLANG_WARN_OBJC_LITERAL_CONVERSION = YES;
				CLANG_WARN_OBJC_ROOT_CLASS = YES_ERROR;
				CLANG_WARN_QUOTED_INCLUDE_IN_FRAMEWORK_HEADER = YES;
				CLANG_WARN_RANGE_LOOP_ANALYSIS = YES;
				CLANG_WARN_STRICT_PROTOTYPES = YES;
				CLANG_WARN_SUSPICIOUS_MOVE = YES;
				CLANG_WARN_UNGUARDED_AVAILABILITY = YES_AGGRESSIVE;
				CLANG_WARN_UNREACHABLE_CODE = YES;
				CLANG_WARN__DUPLICATE_METHOD_MATCH = YES;
				COPY_PHASE_STRIP = NO;
				DEBUG_INFORMATION_FORMAT = dwarf;
				ENABLE_STRICT_OBJC_MSGSEND = YES;
				ENABLE_TESTABILITY = YES;
				GCC_C_LANGUAGE_STANDARD = gnu11;
				GCC_DYNAMIC_NO_PIC = NO;
				GCC_NO_COMMON_BLOCKS = YES;
				GCC_OPTIMIZATION_LEVEL = 0;
				GCC_PREPROCESSOR_DEFINITIONS = (
					"DEBUG=1",
					"$(inherited)",
				);
				GCC_WARN_64_TO_32_BIT_CONVERSION = YES;
				GCC_WARN_ABOUT_RETURN_TYPE = YES_ERROR;
				GCC_WARN_UNDECLARED_SELECTOR = YES;
				GCC_WARN_UNINITIALIZED_AUTOS = YES_AGGRESSIVE;
				GCC_WARN_UNUSED_FUNCTION = YES;
				GCC_WARN_UNUSED_VARIABLE = YES;
				IPHONEOS_DEPLOYMENT_TARGET = 15.0;
				MTL_ENABLE_DEBUG_INFO = INCLUDE_SOURCE;
				MTL_FAST_MATH = YES;
				ONLY_ACTIVE_ARCH = YES;
				SDKROOT = iphoneos;
				SWIFT_ACTIVE_COMPILATION_CONDITIONS = DEBUG;
				SWIFT_OPTIMIZATION_LEVEL = "-Onone";
			};
			name = Debug;
		};
		953618502716CDCF005144C2 /* Release */ = {
			isa = XCBuildConfiguration;
			buildSettings = {
				ALWAYS_SEARCH_USER_PATHS = NO;
				CLANG_ANALYZER_NONNULL = YES;
				CLANG_ANALYZER_NUMBER_OBJECT_CONVERSION = YES_AGGRESSIVE;
				CLANG_CXX_LANGUAGE_STANDARD = "gnu++17";
				CLANG_CXX_LIBRARY = "libc++";
				CLANG_ENABLE_MODULES = YES;
				CLANG_ENABLE_OBJC_ARC = YES;
				CLANG_ENABLE_OBJC_WEAK = YES;
				CLANG_WARN_BLOCK_CAPTURE_AUTORELEASING = YES;
				CLANG_WARN_BOOL_CONVERSION = YES;
				CLANG_WARN_COMMA = YES;
				CLANG_WARN_CONSTANT_CONVERSION = YES;
				CLANG_WARN_DEPRECATED_OBJC_IMPLEMENTATIONS = YES;
				CLANG_WARN_DIRECT_OBJC_ISA_USAGE = YES_ERROR;
				CLANG_WARN_DOCUMENTATION_COMMENTS = YES;
				CLANG_WARN_EMPTY_BODY = YES;
				CLANG_WARN_ENUM_CONVERSION = YES;
				CLANG_WARN_INFINITE_RECURSION = YES;
				CLANG_WARN_INT_CONVERSION = YES;
				CLANG_WARN_NON_LITERAL_NULL_CONVERSION = YES;
				CLANG_WARN_OBJC_IMPLICIT_RETAIN_SELF = YES;
				CLANG_WARN_OBJC_LITERAL_CONVERSION = YES;
				CLANG_WARN_OBJC_ROOT_CLASS = YES_ERROR;
				CLANG_WARN_QUOTED_INCLUDE_IN_FRAMEWORK_HEADER = YES;
				CLANG_WARN_RANGE_LOOP_ANALYSIS = YES;
				CLANG_WARN_STRICT_PROTOTYPES = YES;
				CLANG_WARN_SUSPICIOUS_MOVE = YES;
				CLANG_WARN_UNGUARDED_AVAILABILITY = YES_AGGRESSIVE;
				CLANG_WARN_UNREACHABLE_CODE = YES;
				CLANG_WARN__DUPLICATE_METHOD_MATCH = YES;
				COPY_PHASE_STRIP = NO;
				DEBUG_INFORMATION_FORMAT = "dwarf-with-dsym";
				ENABLE_NS_ASSERTIONS = NO;
				ENABLE_STRICT_OBJC_MSGSEND = YES;
				GCC_C_LANGUAGE_STANDARD = gnu11;
				GCC_NO_COMMON_BLOCKS = YES;
				GCC_WARN_64_TO_32_BIT_CONVERSION = YES;
				GCC_WARN_ABOUT_RETURN_TYPE = YES_ERROR;
				GCC_WARN_UNDECLARED_SELECTOR = YES;
				GCC_WARN_UNINITIALIZED_AUTOS = YES_AGGRESSIVE;
				GCC_WARN_UNUSED_FUNCTION = YES;
				GCC_WARN_UNUSED_VARIABLE = YES;
				IPHONEOS_DEPLOYMENT_TARGET = 15.0;
				MTL_ENABLE_DEBUG_INFO = NO;
				MTL_FAST_MATH = YES;
				SDKROOT = iphoneos;
				SWIFT_COMPILATION_MODE = wholemodule;
				SWIFT_OPTIMIZATION_LEVEL = "-O";
				VALIDATE_PRODUCT = YES;
			};
			name = Release;
		};
		953618522716CDCF005144C2 /* Debug */ = {
			isa = XCBuildConfiguration;
			buildSettings = {
				ASSETCATALOG_COMPILER_APPICON_NAME = AppIcon;
				ASSETCATALOG_COMPILER_GLOBAL_ACCENT_COLOR_NAME = AccentColor;
				CODE_SIGN_STYLE = Automatic;
				CURRENT_PROJECT_VERSION = 1;
				DEVELOPMENT_TEAM = LZR67SB886;
				GENERATE_INFOPLIST_FILE = YES;
				INFOPLIST_FILE = GithubApi/Info.plist;
				INFOPLIST_KEY_UIApplicationSupportsIndirectInputEvents = YES;
				INFOPLIST_KEY_UILaunchStoryboardName = LaunchScreen;
				INFOPLIST_KEY_UIMainStoryboardFile = Main;
				INFOPLIST_KEY_UISupportedInterfaceOrientations_iPad = "UIInterfaceOrientationPortrait UIInterfaceOrientationPortraitUpsideDown UIInterfaceOrientationLandscapeLeft UIInterfaceOrientationLandscapeRight";
				INFOPLIST_KEY_UISupportedInterfaceOrientations_iPhone = "UIInterfaceOrientationPortrait UIInterfaceOrientationLandscapeLeft UIInterfaceOrientationLandscapeRight";
				LD_RUNPATH_SEARCH_PATHS = (
					"$(inherited)",
					"@executable_path/Frameworks",
				);
				MARKETING_VERSION = 1.0;
				PRODUCT_BUNDLE_IDENTIFIER = VP.GithubApi;
				PRODUCT_NAME = "$(TARGET_NAME)";
				SWIFT_EMIT_LOC_STRINGS = YES;
				SWIFT_VERSION = 5.0;
				TARGETED_DEVICE_FAMILY = "1,2";
			};
			name = Debug;
		};
		953618532716CDCF005144C2 /* Release */ = {
			isa = XCBuildConfiguration;
			buildSettings = {
				ASSETCATALOG_COMPILER_APPICON_NAME = AppIcon;
				ASSETCATALOG_COMPILER_GLOBAL_ACCENT_COLOR_NAME = AccentColor;
				CODE_SIGN_STYLE = Automatic;
				CURRENT_PROJECT_VERSION = 1;
				DEVELOPMENT_TEAM = LZR67SB886;
				GENERATE_INFOPLIST_FILE = YES;
				INFOPLIST_FILE = GithubApi/Info.plist;
				INFOPLIST_KEY_UIApplicationSupportsIndirectInputEvents = YES;
				INFOPLIST_KEY_UILaunchStoryboardName = LaunchScreen;
				INFOPLIST_KEY_UIMainStoryboardFile = Main;
				INFOPLIST_KEY_UISupportedInterfaceOrientations_iPad = "UIInterfaceOrientationPortrait UIInterfaceOrientationPortraitUpsideDown UIInterfaceOrientationLandscapeLeft UIInterfaceOrientationLandscapeRight";
				INFOPLIST_KEY_UISupportedInterfaceOrientations_iPhone = "UIInterfaceOrientationPortrait UIInterfaceOrientationLandscapeLeft UIInterfaceOrientationLandscapeRight";
				LD_RUNPATH_SEARCH_PATHS = (
					"$(inherited)",
					"@executable_path/Frameworks",
				);
				MARKETING_VERSION = 1.0;
				PRODUCT_BUNDLE_IDENTIFIER = VP.GithubApi;
				PRODUCT_NAME = "$(TARGET_NAME)";
				SWIFT_EMIT_LOC_STRINGS = YES;
				SWIFT_VERSION = 5.0;
				TARGETED_DEVICE_FAMILY = "1,2";
			};
			name = Release;
		};
/* End XCBuildConfiguration section */

/* Begin XCConfigurationList section */
		953618382716CDCC005144C2 /* Build configuration list for PBXProject "GithubApi" */ = {
			isa = XCConfigurationList;
			buildConfigurations = (
				9536184F2716CDCF005144C2 /* Debug */,
				953618502716CDCF005144C2 /* Release */,
			);
			defaultConfigurationIsVisible = 0;
			defaultConfigurationName = Release;
		};
		953618512716CDCF005144C2 /* Build configuration list for PBXNativeTarget "GithubApi" */ = {
			isa = XCConfigurationList;
			buildConfigurations = (
				953618522716CDCF005144C2 /* Debug */,
				953618532716CDCF005144C2 /* Release */,
			);
			defaultConfigurationIsVisible = 0;
			defaultConfigurationName = Release;
		};
/* End XCConfigurationList section */
	};
	rootObject = 953618352716CDCC005144C2 /* Project object */;
}
